<?xml version="1.0" encoding="utf-8"?>
<Project ToolsVersion="4.0" xmlns="http://schemas.microsoft.com/developer/msbuild/2003">
  <ItemGroup>
    <Filter Include="Source Files">
      <UniqueIdentifier>{4FC737F1-C7A5-4376-A066-2A32D752A2FF}</UniqueIdentifier>
      <Extensions>cpp;c;cc;cxx;def;odl;idl;hpj;bat;asm;asmx</Extensions>
    </Filter>
    <Filter Include="Header Files">
      <UniqueIdentifier>{93995380-89BD-4b04-88EB-625FBE52EBFB}</UniqueIdentifier>
      <Extensions>h;hh;hpp;hxx;hm;inl;inc;xsd</Extensions>
    </Filter>
    <Filter Include="Resource Files">
      <UniqueIdentifier>{67DA6AB6-F800-4c08-8B7A-83BB121AAD01}</UniqueIdentifier>
      <Extensions>rc;ico;cur;bmp;dlg;rc2;rct;bin;rgs;gif;jpg;jpeg;jpe;resx;tiff;tif;png;wav;mfcribbon-ms</Extensions>
    </Filter>
  </ItemGroup>
  <ItemGroup>
    <ClCompile Include="..\modules\StockPriece\src\S20_AnSimple.cpp">
      <Filter>Source Files</Filter>
    </ClCompile>
    <ClCompile Include="..\modules\StockPriece\src\S21_AnExtended.cpp">
      <Filter>Source Files</Filter>
    </ClCompile>
    <ClCompile Include="..\modules\StockPriece\src\S30_NumMethods.cpp">
      <Filter>Source Files</Filter>
    </ClCompile>
    <ClCompile Include="..\modules\StockPriece\src\S31_NumMethodsW.cpp">
      <Filter>Source Files</Filter>
    </ClCompile>
    <ClCompile Include="..\modules\StockPriece\src\S32_NumMethodsWZ.cpp">
      <Filter>Source Files</Filter>
    </ClCompile>
    <ClCompile Include="..\src\B00_BlackScholes.cpp">
      <Filter>Source Files</Filter>
    </ClCompile>
    <ClCompile Include="..\modules\StockPriece\src\S10_Wiener.cpp">
      <Filter>Source Files</Filter>
    </ClCompile>
    <ClCompile Include="..\etc\MathStat\EM20_ChiSquared.cpp">
      <Filter>Source Files</Filter>
    </ClCompile>
    <ClCompile Include="..\etc\RNG\ER20_Unifrom.cpp">
      <Filter>Source Files</Filter>
    </ClCompile>
    <ClCompile Include="..\etc\RNG\ER21_Normal.cpp">
      <Filter>Source Files</Filter>
    </ClCompile>
    <ClCompile Include="..\etc\RNG\ER10_RNG.cpp">
      <Filter>Source Files</Filter>
    </ClCompile>
    <ClCompile Include="..\etc\MathStat\EM10_MathStat.cpp">
      <Filter>Source Files</Filter>
    </ClCompile>
    <ClCompile Include="..\etc\RowTable\E_RowTable.cpp">
      <Filter>Source Files</Filter>
    </ClCompile>
    <ClCompile Include="..\application\A_main.cpp">
      <Filter>Source Files</Filter>
    </ClCompile>
    <ClCompile Include="..\etc\CLI\A_CLI.cpp">
      <Filter>Source Files</Filter>
    </ClCompile>
    <ClCompile Include="..\modules\EuropeanOption\src\O00_EuropeanOption.cpp">
      <Filter>Source Files</Filter>
    </ClCompile>
    <ClCompile Include="..\modules\EuropeanOption\AnSolution\O20_CallOption.cpp">
      <Filter>Source Files</Filter>
    </ClCompile>
    <ClCompile Include="..\modules\EuropeanOption\AnSolution\O21_CallPutOption.cpp">
      <Filter>Source Files</Filter>
    </ClCompile>
    <ClCompile Include="..\modules\EuropeanOption\NumSolution\O11_NumSolution.cpp">
      <Filter>Source Files</Filter>
    </ClCompile>
  </ItemGroup>
  <ItemGroup>
    <ClInclude Include="..\modules\StockPriece\include\S10_Wiener.h">
      <Filter>Header Files</Filter>
    </ClInclude>
    <ClInclude Include="..\modules\StockPriece\include\S20_AnSimple.h">
      <Filter>Header Files</Filter>
    </ClInclude>
    <ClInclude Include="..\modules\StockPriece\include\S21_AnExtended.h">
      <Filter>Header Files</Filter>
    </ClInclude>
    <ClInclude Include="..\modules\StockPriece\include\S30_NumMethods.h">
      <Filter>Header Files</Filter>
    </ClInclude>
    <ClInclude Include="..\modules\StockPriece\include\S31_NumMethodsW.h">
      <Filter>Header Files</Filter>
    </ClInclude>
    <ClInclude Include="..\modules\StockPriece\include\S32_NumMethodsWZ.h">
      <Filter>Header Files</Filter>
    </ClInclude>
    <ClInclude Include="..\include\B00_BlackScholes.h">
      <Filter>Header Files</Filter>
    </ClInclude>
    <ClInclude Include="..\etc\MathStat\EM10_MathStat.h">
      <Filter>Header Files</Filter>
    </ClInclude>
    <ClInclude Include="..\etc\MathStat\EM20_ChiSquared.h">
      <Filter>Header Files</Filter>
    </ClInclude>
    <ClInclude Include="..\etc\RNG\ER20_Uniform.h">
      <Filter>Header Files</Filter>
    </ClInclude>
    <ClInclude Include="..\etc\RNG\ER21_Normal.h">
      <Filter>Header Files</Filter>
    </ClInclude>
    <ClInclude Include="..\etc\CLI\A_CLI.h">
      <Filter>Header Files</Filter>
    </ClInclude>
    <ClInclude Include="..\etc\RowTable\E_RowTable.h">
      <Filter>Header Files</Filter>
    </ClInclude>
    <ClInclude Include="..\etc\RNG\ER10_RNG.h">
      <Filter>Header Files</Filter>
    </ClInclude>
    <ClInclude Include="..\modules\EuropeanOption\include\O00_EuropeanOption.h">
      <Filter>Header Files</Filter>
    </ClInclude>
    <ClInclude Include="..\modules\EuropeanOption\AnSolution\O10_AnSolution.h">
      <Filter>Header Files</Filter>
    </ClInclude>
    <ClInclude Include="..\modules\EuropeanOption\AnSolution\O20_CallOption.h">
      <Filter>Header Files</Filter>
    </ClInclude>
    <ClInclude Include="..\modules\EuropeanOption\AnSolution\O21_CallPutOption.h">
      <Filter>Header Files</Filter>
    </ClInclude>
    <ClInclude Include="..\modules\EuropeanOption\NumSolution\O11_NumSolution.h">
      <Filter>Header Files</Filter>
    </ClInclude>
  </ItemGroup>
  <ItemGroup>
    <None Include="ClassDiagram.cd" />
  </ItemGroup>
</Project>